
Microsoft Visual Studio Solution File, Format Version 12.00
# Visual Studio Version 17
VisualStudioVersion = 17.9.34622.214
MinimumVisualStudioVersion = 10.0.40219.1
Project("{FAE04EC0-301F-11D3-BF4B-00C04F79EFBC}") = "teamview", "teamview\teamview.csproj", "{8C28E583-7C86-4117-ADF2-FCFAC9EA2849}"
EndProject
Global
	GlobalSection(SolutionConfigurationPlatforms) = preSolution
		Debug|Any CPU = Debug|Any CPU
		Release|Any CPU = Release|Any CPU
	EndGlobalSection
	GlobalSection(ProjectConfigurationPlatforms) = postSolution
		{8C28E583-7C86-4117-ADF2-FCFAC9EA2849}.Debug|Any CPU.ActiveCfg = Debug|Any CPU
		{8C28E583-7C86-4117-ADF2-FCFAC9EA2849}.Debug|Any CPU.Build.0 = Debug|Any CPU
		{8C28E583-7C86-4117-ADF2-FCFAC9EA2849}.Release|Any CPU.ActiveCfg = Release|Any CPU
		{8C28E583-7C86-4117-ADF2-FCFAC9EA2849}.Release|Any CPU.Build.0 = Release|Any CPU
	EndGlobalSection
	GlobalSection(SolutionProperties) = preSolution
		HideSolutionNode = FALSE
	EndGlobalSection
	GlobalSection(ExtensibilityGlobals) = postSolution
		SolutionGuid = {AFB178C0-96A7-49B6-B2CD-862D1A2282FB}
	EndGlobalSection
EndGlobal
